
Microsoft Visual Studio Solution File, Format Version 12.00
# Visual Studio 15
VisualStudioVersion = 15.0.26124.0
MinimumVisualStudioVersion = 15.0.26124.0
Project("{FAE04EC0-301F-11D3-BF4B-00C04F79EFBC}") = "API", "API\API.csproj", "{6922377A-A5ED-4E45-9D67-77129BC1B7C8}"
EndProject
Project("{FAE04EC0-301F-11D3-BF4B-00C04F79EFBC}") = "Core", "Core\Core.csproj", "{70B60F32-BB61-480F-8CCB-CCCEA9F0662A}"
EndProject
Project("{FAE04EC0-301F-11D3-BF4B-00C04F79EFBC}") = "Infrastructure", "Infrastructure\Infrastructure.csproj", "{C6060475-09F7-4330-B1DB-AC8D0A9CD7F5}"
EndProject
Global
	GlobalSection(SolutionConfigurationPlatforms) = preSolution
		Debug|Any CPU = Debug|Any CPU
		Debug|x64 = Debug|x64
		Debug|x86 = Debug|x86
		Release|Any CPU = Release|Any CPU
		Release|x64 = Release|x64
		Release|x86 = Release|x86
	EndGlobalSection
	GlobalSection(SolutionProperties) = preSolution
		HideSolutionNode = FALSE
	EndGlobalSection
	GlobalSection(ProjectConfigurationPlatforms) = postSolution
		{6922377A-A5ED-4E45-9D67-77129BC1B7C8}.Debug|Any CPU.ActiveCfg = Debug|Any CPU
		{6922377A-A5ED-4E45-9D67-77129BC1B7C8}.Debug|Any CPU.Build.0 = Debug|Any CPU
		{6922377A-A5ED-4E45-9D67-77129BC1B7C8}.Debug|x64.ActiveCfg = Debug|Any CPU
		{6922377A-A5ED-4E45-9D67-77129BC1B7C8}.Debug|x64.Build.0 = Debug|Any CPU
		{6922377A-A5ED-4E45-9D67-77129BC1B7C8}.Debug|x86.ActiveCfg = Debug|Any CPU
		{6922377A-A5ED-4E45-9D67-77129BC1B7C8}.Debug|x86.Build.0 = Debug|Any CPU
		{6922377A-A5ED-4E45-9D67-77129BC1B7C8}.Release|Any CPU.ActiveCfg = Release|Any CPU
		{6922377A-A5ED-4E45-9D67-77129BC1B7C8}.Release|Any CPU.Build.0 = Release|Any CPU
		{6922377A-A5ED-4E45-9D67-77129BC1B7C8}.Release|x64.ActiveCfg = Release|Any CPU
		{6922377A-A5ED-4E45-9D67-77129BC1B7C8}.Release|x64.Build.0 = Release|Any CPU
		{6922377A-A5ED-4E45-9D67-77129BC1B7C8}.Release|x86.ActiveCfg = Release|Any CPU
		{6922377A-A5ED-4E45-9D67-77129BC1B7C8}.Release|x86.Build.0 = Release|Any CPU
		{70B60F32-BB61-480F-8CCB-CCCEA9F0662A}.Debug|Any CPU.ActiveCfg = Debug|Any CPU
		{70B60F32-BB61-480F-8CCB-CCCEA9F0662A}.Debug|Any CPU.Build.0 = Debug|Any CPU
		{70B60F32-BB61-480F-8CCB-CCCEA9F0662A}.Debug|x64.ActiveCfg = Debug|Any CPU
		{70B60F32-BB61-480F-8CCB-CCCEA9F0662A}.Debug|x64.Build.0 = Debug|Any CPU
		{70B60F32-BB61-480F-8CCB-CCCEA9F0662A}.Debug|x86.ActiveCfg = Debug|Any CPU
		{70B60F32-BB61-480F-8CCB-CCCEA9F0662A}.Debug|x86.Build.0 = Debug|Any CPU
		{70B60F32-BB61-480F-8CCB-CCCEA9F0662A}.Release|Any CPU.ActiveCfg = Release|Any CPU
		{70B60F32-BB61-480F-8CCB-CCCEA9F0662A}.Release|Any CPU.Build.0 = Release|Any CPU
		{70B60F32-BB61-480F-8CCB-CCCEA9F0662A}.Release|x64.ActiveCfg = Release|Any CPU
		{70B60F32-BB61-480F-8CCB-CCCEA9F0662A}.Release|x64.Build.0 = Release|Any CPU
		{70B60F32-BB61-480F-8CCB-CCCEA9F0662A}.Release|x86.ActiveCfg = Release|Any CPU
		{70B60F32-BB61-480F-8CCB-CCCEA9F0662A}.Release|x86.Build.0 = Release|Any CPU
		{C6060475-09F7-4330-B1DB-AC8D0A9CD7F5}.Debug|Any CPU.ActiveCfg = Debug|Any CPU
		{C6060475-09F7-4330-B1DB-AC8D0A9CD7F5}.Debug|Any CPU.Build.0 = Debug|Any CPU
		{C6060475-09F7-4330-B1DB-AC8D0A9CD7F5}.Debug|x64.ActiveCfg = Debug|Any CPU
		{C6060475-09F7-4330-B1DB-AC8D0A9CD7F5}.Debug|x64.Build.0 = Debug|Any CPU
		{C6060475-09F7-4330-B1DB-AC8D0A9CD7F5}.Debug|x86.ActiveCfg = Debug|Any CPU
		{C6060475-09F7-4330-B1DB-AC8D0A9CD7F5}.Debug|x86.Build.0 = Debug|Any CPU
		{C6060475-09F7-4330-B1DB-AC8D0A9CD7F5}.Release|Any CPU.ActiveCfg = Release|Any CPU
		{C6060475-09F7-4330-B1DB-AC8D0A9CD7F5}.Release|Any CPU.Build.0 = Release|Any CPU
		{C6060475-09F7-4330-B1DB-AC8D0A9CD7F5}.Release|x64.ActiveCfg = Release|Any CPU
		{C6060475-09F7-4330-B1DB-AC8D0A9CD7F5}.Release|x64.Build.0 = Release|Any CPU
		{C6060475-09F7-4330-B1DB-AC8D0A9CD7F5}.Release|x86.ActiveCfg = Release|Any CPU
		{C6060475-09F7-4330-B1DB-AC8D0A9CD7F5}.Release|x86.Build.0 = Release|Any CPU
	EndGlobalSection
EndGlobal
